// !$*UTF8*$!
{
	archiveVersion = 1;
	classes = {
	};
	objectVersion = 50;
	objects = {

/* Begin PBXBuildFile section */
		5B04A6BF26A8B30B00ACC7BF /* AppDelegate.swift in Sources */ = {isa = PBXBuildFile; fileRef = 5B04A6BE26A8B30B00ACC7BF /* AppDelegate.swift */; };
		5B04A6C126A8B30B00ACC7BF /* SceneDelegate.swift in Sources */ = {isa = PBXBuildFile; fileRef = 5B04A6C026A8B30B00ACC7BF /* SceneDelegate.swift */; };
		5B04A6C626A8B30B00ACC7BF /* Main.storyboard in Resources */ = {isa = PBXBuildFile; fileRef = 5B04A6C426A8B30B00ACC7BF /* Main.storyboard */; };
		5B04A6C826A8B30D00ACC7BF /* Assets.xcassets in Resources */ = {isa = PBXBuildFile; fileRef = 5B04A6C726A8B30D00ACC7BF /* Assets.xcassets */; };
		5B04A6CB26A8B30D00ACC7BF /* LaunchScreen.storyboard in Resources */ = {isa = PBXBuildFile; fileRef = 5B04A6C926A8B30D00ACC7BF /* LaunchScreen.storyboard */; };
		5B04A6D626A8CDA100ACC7BF /* StageViewController.swift in Sources */ = {isa = PBXBuildFile; fileRef = 5B04A6D526A8CDA100ACC7BF /* StageViewController.swift */; };
		5B04A6D826A8DAD000ACC7BF /* Game.swift in Sources */ = {isa = PBXBuildFile; fileRef = 5B04A6D726A8DAD000ACC7BF /* Game.swift */; };
		5B04A6DA26A8DBB500ACC7BF /* Stage.swift in Sources */ = {isa = PBXBuildFile; fileRef = 5B04A6D926A8DBB500ACC7BF /* Stage.swift */; };
		5B04A6E226A9F78400ACC7BF /* StageList.swift in Sources */ = {isa = PBXBuildFile; fileRef = 5B04A6E126A9F78400ACC7BF /* StageList.swift */; };
		5B04A6E626AC978700ACC7BF /* Action.swift in Sources */ = {isa = PBXBuildFile; fileRef = 5B04A6E526AC978700ACC7BF /* Action.swift */; };
		5B04A6EB26ACA5A500ACC7BF /* half_bold_pixel-7.ttf in Resources */ = {isa = PBXBuildFile; fileRef = 5B04A6EA26ACA5A500ACC7BF /* half_bold_pixel-7.ttf */; };
		5B04A6ED26AD27A700ACC7BF /* GameOverViewController.swift in Sources */ = {isa = PBXBuildFile; fileRef = 5B04A6EC26AD27A700ACC7BF /* GameOverViewController.swift */; };
		5B04A6EF26AD418600ACC7BF /* Puzzle.swift in Sources */ = {isa = PBXBuildFile; fileRef = 5B04A6EE26AD418600ACC7BF /* Puzzle.swift */; };
		5B04A6F126AD44BD00ACC7BF /* PuzzleList.swift in Sources */ = {isa = PBXBuildFile; fileRef = 5B04A6F026AD44BD00ACC7BF /* PuzzleList.swift */; };
		5B04A6F326AD483800ACC7BF /* PuzzleViewController.swift in Sources */ = {isa = PBXBuildFile; fileRef = 5B04A6F226AD483800ACC7BF /* PuzzleViewController.swift */; };
/* End PBXBuildFile section */

/* Begin PBXFileReference section */
		5B04A6BB26A8B30B00ACC7BF /* TutankhamunTomb.app */ = {isa = PBXFileReference; explicitFileType = wrapper.application; includeInIndex = 0; path = TutankhamunTomb.app; sourceTree = BUILT_PRODUCTS_DIR; };
		5B04A6BE26A8B30B00ACC7BF /* AppDelegate.swift */ = {isa = PBXFileReference; lastKnownFileType = sourcecode.swift; path = AppDelegate.swift; sourceTree = "<group>"; };
		5B04A6C026A8B30B00ACC7BF /* SceneDelegate.swift */ = {isa = PBXFileReference; lastKnownFileType = sourcecode.swift; path = SceneDelegate.swift; sourceTree = "<group>"; };
		5B04A6C526A8B30B00ACC7BF /* Base */ = {isa = PBXFileReference; lastKnownFileType = file.storyboard; name = Base; path = Base.lproj/Main.storyboard; sourceTree = "<group>"; };
		5B04A6C726A8B30D00ACC7BF /* Assets.xcassets */ = {isa = PBXFileReference; lastKnownFileType = folder.assetcatalog; path = Assets.xcassets; sourceTree = "<group>"; };
		5B04A6CA26A8B30D00ACC7BF /* Base */ = {isa = PBXFileReference; lastKnownFileType = file.storyboard; name = Base; path = Base.lproj/LaunchScreen.storyboard; sourceTree = "<group>"; };
		5B04A6CC26A8B30D00ACC7BF /* Info.plist */ = {isa = PBXFileReference; lastKnownFileType = text.plist.xml; path = Info.plist; sourceTree = "<group>"; };
		5B04A6D526A8CDA100ACC7BF /* StageViewController.swift */ = {isa = PBXFileReference; lastKnownFileType = sourcecode.swift; path = StageViewController.swift; sourceTree = "<group>"; };
		5B04A6D726A8DAD000ACC7BF /* Game.swift */ = {isa = PBXFileReference; lastKnownFileType = sourcecode.swift; path = Game.swift; sourceTree = "<group>"; };
		5B04A6D926A8DBB500ACC7BF /* Stage.swift */ = {isa = PBXFileReference; lastKnownFileType = sourcecode.swift; path = Stage.swift; sourceTree = "<group>"; };
		5B04A6E126A9F78400ACC7BF /* StageList.swift */ = {isa = PBXFileReference; lastKnownFileType = sourcecode.swift; path = StageList.swift; sourceTree = "<group>"; };
		5B04A6E526AC978700ACC7BF /* Action.swift */ = {isa = PBXFileReference; lastKnownFileType = sourcecode.swift; path = Action.swift; sourceTree = "<group>"; };
		5B04A6EA26ACA5A500ACC7BF /* half_bold_pixel-7.ttf */ = {isa = PBXFileReference; lastKnownFileType = file; path = "half_bold_pixel-7.ttf"; sourceTree = "<group>"; };
		5B04A6EC26AD27A700ACC7BF /* GameOverViewController.swift */ = {isa = PBXFileReference; lastKnownFileType = sourcecode.swift; path = GameOverViewController.swift; sourceTree = "<group>"; };
		5B04A6EE26AD418600ACC7BF /* Puzzle.swift */ = {isa = PBXFileReference; lastKnownFileType = sourcecode.swift; path = Puzzle.swift; sourceTree = "<group>"; };
		5B04A6F026AD44BD00ACC7BF /* PuzzleList.swift */ = {isa = PBXFileReference; lastKnownFileType = sourcecode.swift; path = PuzzleList.swift; sourceTree = "<group>"; };
		5B04A6F226AD483800ACC7BF /* PuzzleViewController.swift */ = {isa = PBXFileReference; lastKnownFileType = sourcecode.swift; path = PuzzleViewController.swift; sourceTree = "<group>"; };
/* End PBXFileReference section */

/* Begin PBXFrameworksBuildPhase section */
		5B04A6B826A8B30B00ACC7BF /* Frameworks */ = {
			isa = PBXFrameworksBuildPhase;
			buildActionMask = 2147483647;
			files = (
			);
			runOnlyForDeploymentPostprocessing = 0;
		};
/* End PBXFrameworksBuildPhase section */

/* Begin PBXGroup section */
		5B04A6B226A8B30B00ACC7BF = {
			isa = PBXGroup;
			children = (
				5B04A6BD26A8B30B00ACC7BF /* TutankhamunTomb */,
				5B04A6BC26A8B30B00ACC7BF /* Products */,
			);
			sourceTree = "<group>";
		};
		5B04A6BC26A8B30B00ACC7BF /* Products */ = {
			isa = PBXGroup;
			children = (
				5B04A6BB26A8B30B00ACC7BF /* TutankhamunTomb.app */,
			);
			name = Products;
			sourceTree = "<group>";
		};
		5B04A6BD26A8B30B00ACC7BF /* TutankhamunTomb */ = {
			isa = PBXGroup;
			children = (
				5B04A6E026A9E0BE00ACC7BF /* model */,
				5B04A6DF26A9E09300ACC7BF /* controllers */,
				5B04A6DE26A9E06F00ACC7BF /* components */,
				5B04A6E926ACA57300ACC7BF /* fonts */,
				5B04A6BE26A8B30B00ACC7BF /* AppDelegate.swift */,
				5B04A6C026A8B30B00ACC7BF /* SceneDelegate.swift */,
				5B04A6C426A8B30B00ACC7BF /* Main.storyboard */,
				5B04A6C926A8B30D00ACC7BF /* LaunchScreen.storyboard */,
				5B04A6C726A8B30D00ACC7BF /* Assets.xcassets */,
				5B04A6CC26A8B30D00ACC7BF /* Info.plist */,
			);
			path = TutankhamunTomb;
			sourceTree = "<group>";
		};
		5B04A6DE26A9E06F00ACC7BF /* components */ = {
			isa = PBXGroup;
			children = (
			);
			path = components;
			sourceTree = "<group>";
		};
		5B04A6DF26A9E09300ACC7BF /* controllers */ = {
			isa = PBXGroup;
			children = (
				5B04A6D526A8CDA100ACC7BF /* StageViewController.swift */,
				5B04A6EC26AD27A700ACC7BF /* GameOverViewController.swift */,
				5B04A6F226AD483800ACC7BF /* PuzzleViewController.swift */,
			);
			path = controllers;
			sourceTree = "<group>";
		};
		5B04A6E026A9E0BE00ACC7BF /* model */ = {
			isa = PBXGroup;
			children = (
				5B04A6D726A8DAD000ACC7BF /* Game.swift */,
				5B04A6D926A8DBB500ACC7BF /* Stage.swift */,
				5B04A6E526AC978700ACC7BF /* Action.swift */,
				5B04A6E126A9F78400ACC7BF /* StageList.swift */,
				5B04A6EE26AD418600ACC7BF /* Puzzle.swift */,
				5B04A6F026AD44BD00ACC7BF /* PuzzleList.swift */,
			);
			path = model;
			sourceTree = "<group>";
		};
		5B04A6E926ACA57300ACC7BF /* fonts */ = {
			isa = PBXGroup;
			children = (
				5B04A6EA26ACA5A500ACC7BF /* half_bold_pixel-7.ttf */,
			);
			path = fonts;
			sourceTree = "<group>";
		};
/* End PBXGroup section */

/* Begin PBXNativeTarget section */
		5B04A6BA26A8B30B00ACC7BF /* TutankhamunTomb */ = {
			isa = PBXNativeTarget;
			buildConfigurationList = 5B04A6CF26A8B30D00ACC7BF /* Build configuration list for PBXNativeTarget "TutankhamunTomb" */;
			buildPhases = (
				5B04A6B726A8B30B00ACC7BF /* Sources */,
				5B04A6B826A8B30B00ACC7BF /* Frameworks */,
				5B04A6B926A8B30B00ACC7BF /* Resources */,
			);
			buildRules = (
			);
			dependencies = (
			);
			name = TutankhamunTomb;
			productName = TutankhamunTomb;
			productReference = 5B04A6BB26A8B30B00ACC7BF /* TutankhamunTomb.app */;
			productType = "com.apple.product-type.application";
		};
/* End PBXNativeTarget section */

/* Begin PBXProject section */
		5B04A6B326A8B30B00ACC7BF /* Project object */ = {
			isa = PBXProject;
			attributes = {
				LastSwiftUpdateCheck = 1250;
				LastUpgradeCheck = 1250;
				TargetAttributes = {
					5B04A6BA26A8B30B00ACC7BF = {
						CreatedOnToolsVersion = 12.5.1;
					};
				};
			};
			buildConfigurationList = 5B04A6B626A8B30B00ACC7BF /* Build configuration list for PBXProject "TutankhamunTomb" */;
			compatibilityVersion = "Xcode 9.3";
			developmentRegion = en;
			hasScannedForEncodings = 0;
			knownRegions = (
				en,
				Base,
			);
			mainGroup = 5B04A6B226A8B30B00ACC7BF;
			productRefGroup = 5B04A6BC26A8B30B00ACC7BF /* Products */;
			projectDirPath = "";
			projectRoot = "";
			targets = (
				5B04A6BA26A8B30B00ACC7BF /* TutankhamunTomb */,
			);
		};
/* End PBXProject section */

/* Begin PBXResourcesBuildPhase section */
		5B04A6B926A8B30B00ACC7BF /* Resources */ = {
			isa = PBXResourcesBuildPhase;
			buildActionMask = 2147483647;
			files = (
				5B04A6CB26A8B30D00ACC7BF /* LaunchScreen.storyboard in Resources */,
				5B04A6EB26ACA5A500ACC7BF /* half_bold_pixel-7.ttf in Resources */,
				5B04A6C826A8B30D00ACC7BF /* Assets.xcassets in Resources */,
				5B04A6C626A8B30B00ACC7BF /* Main.storyboard in Resources */,
			);
			runOnlyForDeploymentPostprocessing = 0;
		};
/* End PBXResourcesBuildPhase section */

/* Begin PBXSourcesBuildPhase section */
		5B04A6B726A8B30B00ACC7BF /* Sources */ = {
			isa = PBXSourcesBuildPhase;
			buildActionMask = 2147483647;
			files = (
				5B04A6DA26A8DBB500ACC7BF /* Stage.swift in Sources */,
				5B04A6D826A8DAD000ACC7BF /* Game.swift in Sources */,
				5B04A6E626AC978700ACC7BF /* Action.swift in Sources */,
				5B04A6F126AD44BD00ACC7BF /* PuzzleList.swift in Sources */,
				5B04A6BF26A8B30B00ACC7BF /* AppDelegate.swift in Sources */,
				5B04A6F326AD483800ACC7BF /* PuzzleViewController.swift in Sources */,
				5B04A6ED26AD27A700ACC7BF /* GameOverViewController.swift in Sources */,
				5B04A6D626A8CDA100ACC7BF /* StageViewController.swift in Sources */,
				5B04A6EF26AD418600ACC7BF /* Puzzle.swift in Sources */,
				5B04A6E226A9F78400ACC7BF /* StageList.swift in Sources */,
				5B04A6C126A8B30B00ACC7BF /* SceneDelegate.swift in Sources */,
			);
			runOnlyForDeploymentPostprocessing = 0;
		};
/* End PBXSourcesBuildPhase section */

/* Begin PBXVariantGroup section */
		5B04A6C426A8B30B00ACC7BF /* Main.storyboard */ = {
			isa = PBXVariantGroup;
			children = (
				5B04A6C526A8B30B00ACC7BF /* Base */,
			);
			name = Main.storyboard;
			sourceTree = "<group>";
		};
		5B04A6C926A8B30D00ACC7BF /* LaunchScreen.storyboard */ = {
			isa = PBXVariantGroup;
			children = (
				5B04A6CA26A8B30D00ACC7BF /* Base */,
			);
			name = LaunchScreen.storyboard;
			sourceTree = "<group>";
		};
/* End PBXVariantGroup section */

/* Begin XCBuildConfiguration section */
		5B04A6CD26A8B30D00ACC7BF /* Debug */ = {
			isa = XCBuildConfiguration;
			buildSettings = {
				ALWAYS_SEARCH_USER_PATHS = NO;
				CLANG_ANALYZER_NONNULL = YES;
				CLANG_ANALYZER_NUMBER_OBJECT_CONVERSION = YES_AGGRESSIVE;
				CLANG_CXX_LANGUAGE_STANDARD = "gnu++14";
				CLANG_CXX_LIBRARY = "libc++";
				CLANG_ENABLE_MODULES = YES;
				CLANG_ENABLE_OBJC_ARC = YES;
				CLANG_ENABLE_OBJC_WEAK = YES;
				CLANG_WARN_BLOCK_CAPTURE_AUTORELEASING = YES;
				CLANG_WARN_BOOL_CONVERSION = YES;
				CLANG_WARN_COMMA = YES;
				CLANG_WARN_CONSTANT_CONVERSION = YES;
				CLANG_WARN_DEPRECATED_OBJC_IMPLEMENTATIONS = YES;
				CLANG_WARN_DIRECT_OBJC_ISA_USAGE = YES_ERROR;
				CLANG_WARN_DOCUMENTATION_COMMENTS = YES;
				CLANG_WARN_EMPTY_BODY = YES;
				CLANG_WARN_ENUM_CONVERSION = YES;
				CLANG_WARN_INFINITE_RECURSION = YES;
				CLANG_WARN_INT_CONVERSION = YES;
				CLANG_WARN_NON_LITERAL_NULL_CONVERSION = YES;
				CLANG_WARN_OBJC_IMPLICIT_RETAIN_SELF = YES;
				CLANG_WARN_OBJC_LITERAL_CONVERSION = YES;
				CLANG_WARN_OBJC_ROOT_CLASS = YES_ERROR;
				CLANG_WARN_QUOTED_INCLUDE_IN_FRAMEWORK_HEADER = YES;
				CLANG_WARN_RANGE_LOOP_ANALYSIS = YES;
				CLANG_WARN_STRICT_PROTOTYPES = YES;
				CLANG_WARN_SUSPICIOUS_MOVE = YES;
				CLANG_WARN_UNGUARDED_AVAILABILITY = YES_AGGRESSIVE;
				CLANG_WARN_UNREACHABLE_CODE = YES;
				CLANG_WARN__DUPLICATE_METHOD_MATCH = YES;
				COPY_PHASE_STRIP = NO;
				DEBUG_INFORMATION_FORMAT = dwarf;
				ENABLE_STRICT_OBJC_MSGSEND = YES;
				ENABLE_TESTABILITY = YES;
				GCC_C_LANGUAGE_STANDARD = gnu11;
				GCC_DYNAMIC_NO_PIC = NO;
				GCC_NO_COMMON_BLOCKS = YES;
				GCC_OPTIMIZATION_LEVEL = 0;
				GCC_PREPROCESSOR_DEFINITIONS = (
					"DEBUG=1",
					"$(inherited)",
				);
				GCC_WARN_64_TO_32_BIT_CONVERSION = YES;
				GCC_WARN_ABOUT_RETURN_TYPE = YES_ERROR;
				GCC_WARN_UNDECLARED_SELECTOR = YES;
				GCC_WARN_UNINITIALIZED_AUTOS = YES_AGGRESSIVE;
				GCC_WARN_UNUSED_FUNCTION = YES;
				GCC_WARN_UNUSED_VARIABLE = YES;
				IPHONEOS_DEPLOYMENT_TARGET = 14.5;
				MTL_ENABLE_DEBUG_INFO = INCLUDE_SOURCE;
				MTL_FAST_MATH = YES;
				ONLY_ACTIVE_ARCH = YES;
				SDKROOT = iphoneos;
				SWIFT_ACTIVE_COMPILATION_CONDITIONS = DEBUG;
				SWIFT_OPTIMIZATION_LEVEL = "-Onone";
			};
			name = Debug;
		};
		5B04A6CE26A8B30D00ACC7BF /* Release */ = {
			isa = XCBuildConfiguration;
			buildSettings = {
				ALWAYS_SEARCH_USER_PATHS = NO;
				CLANG_ANALYZER_NONNULL = YES;
				CLANG_ANALYZER_NUMBER_OBJECT_CONVERSION = YES_AGGRESSIVE;
				CLANG_CXX_LANGUAGE_STANDARD = "gnu++14";
				CLANG_CXX_LIBRARY = "libc++";
				CLANG_ENABLE_MODULES = YES;
				CLANG_ENABLE_OBJC_ARC = YES;
				CLANG_ENABLE_OBJC_WEAK = YES;
				CLANG_WARN_BLOCK_CAPTURE_AUTORELEASING = YES;
				CLANG_WARN_BOOL_CONVERSION = YES;
				CLANG_WARN_COMMA = YES;
				CLANG_WARN_CONSTANT_CONVERSION = YES;
				CLANG_WARN_DEPRECATED_OBJC_IMPLEMENTATIONS = YES;
				CLANG_WARN_DIRECT_OBJC_ISA_USAGE = YES_ERROR;
				CLANG_WARN_DOCUMENTATION_COMMENTS = YES;
				CLANG_WARN_EMPTY_BODY = YES;
				CLANG_WARN_ENUM_CONVERSION = YES;
				CLANG_WARN_INFINITE_RECURSION = YES;
				CLANG_WARN_INT_CONVERSION = YES;
				CLANG_WARN_NON_LITERAL_NULL_CONVERSION = YES;
				CLANG_WARN_OBJC_IMPLICIT_RETAIN_SELF = YES;
				CLANG_WARN_OBJC_LITERAL_CONVERSION = YES;
				CLANG_WARN_OBJC_ROOT_CLASS = YES_ERROR;
				CLANG_WARN_QUOTED_INCLUDE_IN_FRAMEWORK_HEADER = YES;
				CLANG_WARN_RANGE_LOOP_ANALYSIS = YES;
				CLANG_WARN_STRICT_PROTOTYPES = YES;
				CLANG_WARN_SUSPICIOUS_MOVE = YES;
				CLANG_WARN_UNGUARDED_AVAILABILITY = YES_AGGRESSIVE;
				CLANG_WARN_UNREACHABLE_CODE = YES;
				CLANG_WARN__DUPLICATE_METHOD_MATCH = YES;
				COPY_PHASE_STRIP = NO;
				DEBUG_INFORMATION_FORMAT = "dwarf-with-dsym";
				ENABLE_NS_ASSERTIONS = NO;
				ENABLE_STRICT_OBJC_MSGSEND = YES;
				GCC_C_LANGUAGE_STANDARD = gnu11;
				GCC_NO_COMMON_BLOCKS = YES;
				GCC_WARN_64_TO_32_BIT_CONVERSION = YES;
				GCC_WARN_ABOUT_RETURN_TYPE = YES_ERROR;
				GCC_WARN_UNDECLARED_SELECTOR = YES;
				GCC_WARN_UNINITIALIZED_AUTOS = YES_AGGRESSIVE;
				GCC_WARN_UNUSED_FUNCTION = YES;
				GCC_WARN_UNUSED_VARIABLE = YES;
				IPHONEOS_DEPLOYMENT_TARGET = 14.5;
				MTL_ENABLE_DEBUG_INFO = NO;
				MTL_FAST_MATH = YES;
				SDKROOT = iphoneos;
				SWIFT_COMPILATION_MODE = wholemodule;
				SWIFT_OPTIMIZATION_LEVEL = "-O";
				VALIDATE_PRODUCT = YES;
			};
			name = Release;
		};
		5B04A6D026A8B30D00ACC7BF /* Debug */ = {
			isa = XCBuildConfiguration;
			buildSettings = {
				ASSETCATALOG_COMPILER_APPICON_NAME = AppIcon;
				ASSETCATALOG_COMPILER_GLOBAL_ACCENT_COLOR_NAME = AccentColor;
				CODE_SIGN_STYLE = Automatic;
				DEVELOPMENT_TEAM = VWZ6P536SX;
				INFOPLIST_FILE = TutankhamunTomb/Info.plist;
				LD_RUNPATH_SEARCH_PATHS = (
					"$(inherited)",
					"@executable_path/Frameworks",
				);
				PRODUCT_BUNDLE_IDENTIFIER = com.andrearns.TutankhamunTomb;
				PRODUCT_NAME = "$(TARGET_NAME)";
				SWIFT_VERSION = 5.0;
				TARGETED_DEVICE_FAMILY = "1,2";
			};
			name = Debug;
		};
		5B04A6D126A8B30D00ACC7BF /* Release */ = {
			isa = XCBuildConfiguration;
			buildSettings = {
				ASSETCATALOG_COMPILER_APPICON_NAME = AppIcon;
				ASSETCATALOG_COMPILER_GLOBAL_ACCENT_COLOR_NAME = AccentColor;
				CODE_SIGN_STYLE = Automatic;
				DEVELOPMENT_TEAM = VWZ6P536SX;
				INFOPLIST_FILE = TutankhamunTomb/Info.plist;
				LD_RUNPATH_SEARCH_PATHS = (
					"$(inherited)",
					"@executable_path/Frameworks",
				);
				PRODUCT_BUNDLE_IDENTIFIER = com.andrearns.TutankhamunTomb;
				PRODUCT_NAME = "$(TARGET_NAME)";
				SWIFT_VERSION = 5.0;
				TARGETED_DEVICE_FAMILY = "1,2";
			};
			name = Release;
		};
/* End XCBuildConfiguration section */

/* Begin XCConfigurationList section */
		5B04A6B626A8B30B00ACC7BF /* Build configuration list for PBXProject "TutankhamunTomb" */ = {
			isa = XCConfigurationList;
			buildConfigurations = (
				5B04A6CD26A8B30D00ACC7BF /* Debug */,
				5B04A6CE26A8B30D00ACC7BF /* Release */,
			);
			defaultConfigurationIsVisible = 0;
			defaultConfigurationName = Release;
		};
		5B04A6CF26A8B30D00ACC7BF /* Build configuration list for PBXNativeTarget "TutankhamunTomb" */ = {
			isa = XCConfigurationList;
			buildConfigurations = (
				5B04A6D026A8B30D00ACC7BF /* Debug */,
				5B04A6D126A8B30D00ACC7BF /* Release */,
			);
			defaultConfigurationIsVisible = 0;
			defaultConfigurationName = Release;
		};
/* End XCConfigurationList section */
	};
	rootObject = 5B04A6B326A8B30B00ACC7BF /* Project object */;
}
